// !$*UTF8*$!
{
	archiveVersion = 1;
	classes = {
	};
	objectVersion = 46;
	objects = {

/* Begin PBXBuildFile section */
		070912609F03368D52ACDAB7 /* Pods_iCanTests.framework in Frameworks */ = {isa = PBXBuildFile; fileRef = D90F5445372F4EBB24FDAD59 /* Pods_iCanTests.framework */; };
		64EF4B6A1C79DF4C00208330 /* TaskListViewInput.swift in Sources */ = {isa = PBXBuildFile; fileRef = 7B7907BDE8D42DEFF0946717 /* TaskListViewInput.swift */; };
		64EF4B6B1C79DF4D00208330 /* TaskListViewInput.swift in Sources */ = {isa = PBXBuildFile; fileRef = 7B7907BDE8D42DEFF0946717 /* TaskListViewInput.swift */; };
		64EF4B6C1C79DF5100208330 /* TaskListViewOutput.swift in Sources */ = {isa = PBXBuildFile; fileRef = 9BED82933E229640A69EDC55 /* TaskListViewOutput.swift */; };
		64EF4B6D1C79DF5200208330 /* TaskListViewOutput.swift in Sources */ = {isa = PBXBuildFile; fileRef = 9BED82933E229640A69EDC55 /* TaskListViewOutput.swift */; };
		64EF4B6E1C79DF5700208330 /* TaskListViewController.swift in Sources */ = {isa = PBXBuildFile; fileRef = D772C21590451BDA22FA9191 /* TaskListViewController.swift */; };
		64EF4B6F1C79DF5800208330 /* TaskListViewController.swift in Sources */ = {isa = PBXBuildFile; fileRef = D772C21590451BDA22FA9191 /* TaskListViewController.swift */; };
		64EF4B701C79DF5D00208330 /* TaskListModuleInput.swift in Sources */ = {isa = PBXBuildFile; fileRef = 13C2599DA32617AF16BF267D /* TaskListModuleInput.swift */; };
		64EF4B711C79DF5E00208330 /* TaskListModuleInput.swift in Sources */ = {isa = PBXBuildFile; fileRef = 13C2599DA32617AF16BF267D /* TaskListModuleInput.swift */; };
		64EF4B721C79DF6200208330 /* TaskListPresenter.swift in Sources */ = {isa = PBXBuildFile; fileRef = 0DBF6277119BF9278EC846D7 /* TaskListPresenter.swift */; };
		64EF4B731C79DF6200208330 /* TaskListPresenter.swift in Sources */ = {isa = PBXBuildFile; fileRef = 0DBF6277119BF9278EC846D7 /* TaskListPresenter.swift */; };
		64EF4B741C79DF6A00208330 /* TaskListInteractorInput.swift in Sources */ = {isa = PBXBuildFile; fileRef = 11152575D9EFC041FE51B942 /* TaskListInteractorInput.swift */; };
		64EF4B751C79DF6A00208330 /* TaskListInteractorInput.swift in Sources */ = {isa = PBXBuildFile; fileRef = 11152575D9EFC041FE51B942 /* TaskListInteractorInput.swift */; };
		64EF4B761C79DF6F00208330 /* TaskListInteractorOutput.swift in Sources */ = {isa = PBXBuildFile; fileRef = 784E90952AB4C27954B05FD9 /* TaskListInteractorOutput.swift */; };
		64EF4B771C79DF6F00208330 /* TaskListInteractorOutput.swift in Sources */ = {isa = PBXBuildFile; fileRef = 784E90952AB4C27954B05FD9 /* TaskListInteractorOutput.swift */; };
		64EF4B781C79DF7300208330 /* TaskListInteractor.swift in Sources */ = {isa = PBXBuildFile; fileRef = D5A07C7198AC07F8D5C77E97 /* TaskListInteractor.swift */; };
		64EF4B791C79DF7400208330 /* TaskListInteractor.swift in Sources */ = {isa = PBXBuildFile; fileRef = D5A07C7198AC07F8D5C77E97 /* TaskListInteractor.swift */; };
		64EF4B7A1C79DF7A00208330 /* TaskListRouterInput.swift in Sources */ = {isa = PBXBuildFile; fileRef = 9FEE55A7E04973F6631E3331 /* TaskListRouterInput.swift */; };
		64EF4B7B1C79DF7A00208330 /* TaskListRouterInput.swift in Sources */ = {isa = PBXBuildFile; fileRef = 9FEE55A7E04973F6631E3331 /* TaskListRouterInput.swift */; };
		64EF4B7C1C79DF7E00208330 /* TaskListRouter.swift in Sources */ = {isa = PBXBuildFile; fileRef = EAF63FFFDBC1F7967EF692B9 /* TaskListRouter.swift */; };
		64EF4B7D1C79DF7F00208330 /* TaskListRouter.swift in Sources */ = {isa = PBXBuildFile; fileRef = EAF63FFFDBC1F7967EF692B9 /* TaskListRouter.swift */; };
		64EF4B7E1C79DF8500208330 /* TaskListConfigurator.swift in Sources */ = {isa = PBXBuildFile; fileRef = 3B045A78E60C1B6AAC01072F /* TaskListConfigurator.swift */; };
		64EF4B7F1C79DF8500208330 /* TaskListConfigurator.swift in Sources */ = {isa = PBXBuildFile; fileRef = 3B045A78E60C1B6AAC01072F /* TaskListConfigurator.swift */; };
		64EF4B801C79DF8A00208330 /* TaskListInitializer.swift in Sources */ = {isa = PBXBuildFile; fileRef = 2643D68ABDD79A54531D8E51 /* TaskListInitializer.swift */; };
		64EF4B811C79DF8A00208330 /* TaskListInitializer.swift in Sources */ = {isa = PBXBuildFile; fileRef = 2643D68ABDD79A54531D8E51 /* TaskListInitializer.swift */; };
		64EF4B831C79DF9C00208330 /* TaskListConfiguratorTests.swift in Sources */ = {isa = PBXBuildFile; fileRef = B40E7FC9794134BB35ADD5EC /* TaskListConfiguratorTests.swift */; };
		64EF4B841C79DFA100208330 /* TaskListViewTests.swift in Sources */ = {isa = PBXBuildFile; fileRef = 6521FC307CDA09095D6740AB /* TaskListViewTests.swift */; };
		64EF4B851C79DFAC00208330 /* TaskListInteractorTests.swift in Sources */ = {isa = PBXBuildFile; fileRef = F122CF3F6FAC68C45D9A8FF5 /* TaskListInteractorTests.swift */; };
		64EF4B861C79DFB100208330 /* TaskListPresenterTests.swift in Sources */ = {isa = PBXBuildFile; fileRef = F4D8479BF8F3433408C65CEF /* TaskListPresenterTests.swift */; };
		64EF4B871C79DFB800208330 /* TaskListRouterTests.swift in Sources */ = {isa = PBXBuildFile; fileRef = D5C86C9CCA96E89ED62A5758 /* TaskListRouterTests.swift */; };
		64F020A41C77B381001EAA6F /* AppDelegate.swift in Sources */ = {isa = PBXBuildFile; fileRef = 64F020A31C77B381001EAA6F /* AppDelegate.swift */; };
		64F020A61C77B381001EAA6F /* ViewController.swift in Sources */ = {isa = PBXBuildFile; fileRef = 64F020A51C77B381001EAA6F /* ViewController.swift */; };
		64F020A91C77B381001EAA6F /* Main.storyboard in Resources */ = {isa = PBXBuildFile; fileRef = 64F020A71C77B381001EAA6F /* Main.storyboard */; };
		64F020AC1C77B381001EAA6F /* iCan.xcdatamodeld in Sources */ = {isa = PBXBuildFile; fileRef = 64F020AA1C77B381001EAA6F /* iCan.xcdatamodeld */; };
		64F020AE1C77B381001EAA6F /* Assets.xcassets in Resources */ = {isa = PBXBuildFile; fileRef = 64F020AD1C77B381001EAA6F /* Assets.xcassets */; };
		64F020B11C77B381001EAA6F /* LaunchScreen.storyboard in Resources */ = {isa = PBXBuildFile; fileRef = 64F020AF1C77B381001EAA6F /* LaunchScreen.storyboard */; };
		64F020BC1C77B382001EAA6F /* iCanTests.swift in Sources */ = {isa = PBXBuildFile; fileRef = 64F020BB1C77B382001EAA6F /* iCanTests.swift */; };
		DA7AB7ACF559185C008654E8 /* Pods_iCan.framework in Frameworks */ = {isa = PBXBuildFile; fileRef = FA62F566450C8D180472650B /* Pods_iCan.framework */; };
/* End PBXBuildFile section */

/* Begin PBXContainerItemProxy section */
		64F020B81C77B382001EAA6F /* PBXContainerItemProxy */ = {
			isa = PBXContainerItemProxy;
			containerPortal = 64F020981C77B381001EAA6F /* Project object */;
			proxyType = 1;
			remoteGlobalIDString = 64F0209F1C77B381001EAA6F;
			remoteInfo = iCan;
		};
/* End PBXContainerItemProxy section */

/* Begin PBXFileReference section */
		0DBF6277119BF9278EC846D7 /* TaskListPresenter.swift */ = {isa = PBXFileReference; includeInIndex = 1; lastKnownFileType = sourcecode.swift; name = TaskListPresenter.swift; path = Classes/Modules/TaskList/Presenter/TaskListPresenter.swift; sourceTree = "<group>"; };
		11152575D9EFC041FE51B942 /* TaskListInteractorInput.swift */ = {isa = PBXFileReference; includeInIndex = 1; lastKnownFileType = sourcecode.swift; name = TaskListInteractorInput.swift; path = Classes/Modules/TaskList/Interactor/TaskListInteractorInput.swift; sourceTree = "<group>"; };
		13C2599DA32617AF16BF267D /* TaskListModuleInput.swift */ = {isa = PBXFileReference; includeInIndex = 1; lastKnownFileType = sourcecode.swift; name = TaskListModuleInput.swift; path = Classes/Modules/TaskList/Presenter/TaskListModuleInput.swift; sourceTree = "<group>"; };
		20D2A756B57952A7F41F2D8B /* Pods-iCanTests.debug.xcconfig */ = {isa = PBXFileReference; includeInIndex = 1; lastKnownFileType = text.xcconfig; name = "Pods-iCanTests.debug.xcconfig"; path = "Pods/Target Support Files/Pods-iCanTests/Pods-iCanTests.debug.xcconfig"; sourceTree = "<group>"; };
		2643D68ABDD79A54531D8E51 /* TaskListInitializer.swift */ = {isa = PBXFileReference; includeInIndex = 1; lastKnownFileType = sourcecode.swift; name = TaskListInitializer.swift; path = Classes/Modules/TaskList/Configurator/TaskListInitializer.swift; sourceTree = "<group>"; };
		3B045A78E60C1B6AAC01072F /* TaskListConfigurator.swift */ = {isa = PBXFileReference; includeInIndex = 1; lastKnownFileType = sourcecode.swift; name = TaskListConfigurator.swift; path = Classes/Modules/TaskList/Configurator/TaskListConfigurator.swift; sourceTree = "<group>"; };
		64F020A01C77B381001EAA6F /* iCan.app */ = {isa = PBXFileReference; explicitFileType = wrapper.application; includeInIndex = 0; path = iCan.app; sourceTree = BUILT_PRODUCTS_DIR; };
		64F020A31C77B381001EAA6F /* AppDelegate.swift */ = {isa = PBXFileReference; lastKnownFileType = sourcecode.swift; path = AppDelegate.swift; sourceTree = "<group>"; };
		64F020A51C77B381001EAA6F /* ViewController.swift */ = {isa = PBXFileReference; lastKnownFileType = sourcecode.swift; path = ViewController.swift; sourceTree = "<group>"; };
		64F020A81C77B381001EAA6F /* Base */ = {isa = PBXFileReference; lastKnownFileType = file.storyboard; name = Base; path = Base.lproj/Main.storyboard; sourceTree = "<group>"; };
		64F020AB1C77B381001EAA6F /* iCan.xcdatamodel */ = {isa = PBXFileReference; lastKnownFileType = wrapper.xcdatamodel; path = iCan.xcdatamodel; sourceTree = "<group>"; };
		64F020AD1C77B381001EAA6F /* Assets.xcassets */ = {isa = PBXFileReference; lastKnownFileType = folder.assetcatalog; path = Assets.xcassets; sourceTree = "<group>"; };
		64F020B01C77B381001EAA6F /* Base */ = {isa = PBXFileReference; lastKnownFileType = file.storyboard; name = Base; path = Base.lproj/LaunchScreen.storyboard; sourceTree = "<group>"; };
		64F020B21C77B381001EAA6F /* Info.plist */ = {isa = PBXFileReference; lastKnownFileType = text.plist.xml; path = Info.plist; sourceTree = "<group>"; };
		64F020B71C77B382001EAA6F /* iCanTests.xctest */ = {isa = PBXFileReference; explicitFileType = wrapper.cfbundle; includeInIndex = 0; path = iCanTests.xctest; sourceTree = BUILT_PRODUCTS_DIR; };
		64F020BB1C77B382001EAA6F /* iCanTests.swift */ = {isa = PBXFileReference; lastKnownFileType = sourcecode.swift; path = iCanTests.swift; sourceTree = "<group>"; };
		64F020BD1C77B382001EAA6F /* Info.plist */ = {isa = PBXFileReference; lastKnownFileType = text.plist.xml; path = Info.plist; sourceTree = "<group>"; };
		6521FC307CDA09095D6740AB /* TaskListViewTests.swift */ = {isa = PBXFileReference; includeInIndex = 1; lastKnownFileType = sourcecode.swift; name = TaskListViewTests.swift; path = Classes/Modules/TaskList/View/TaskListViewTests.swift; sourceTree = "<group>"; };
		784E90952AB4C27954B05FD9 /* TaskListInteractorOutput.swift */ = {isa = PBXFileReference; includeInIndex = 1; lastKnownFileType = sourcecode.swift; name = TaskListInteractorOutput.swift; path = Classes/Modules/TaskList/Interactor/TaskListInteractorOutput.swift; sourceTree = "<group>"; };
		7B7907BDE8D42DEFF0946717 /* TaskListViewInput.swift */ = {isa = PBXFileReference; includeInIndex = 1; lastKnownFileType = sourcecode.swift; name = TaskListViewInput.swift; path = Classes/Modules/TaskList/View/TaskListViewInput.swift; sourceTree = "<group>"; };
		943B271F4B6FE9B6B01E6FA3 /* Pods-iCan.release.xcconfig */ = {isa = PBXFileReference; includeInIndex = 1; lastKnownFileType = text.xcconfig; name = "Pods-iCan.release.xcconfig"; path = "Pods/Target Support Files/Pods-iCan/Pods-iCan.release.xcconfig"; sourceTree = "<group>"; };
		9BED82933E229640A69EDC55 /* TaskListViewOutput.swift */ = {isa = PBXFileReference; includeInIndex = 1; lastKnownFileType = sourcecode.swift; name = TaskListViewOutput.swift; path = Classes/Modules/TaskList/View/TaskListViewOutput.swift; sourceTree = "<group>"; };
		9FEE55A7E04973F6631E3331 /* TaskListRouterInput.swift */ = {isa = PBXFileReference; includeInIndex = 1; lastKnownFileType = sourcecode.swift; name = TaskListRouterInput.swift; path = Classes/Modules/TaskList/Router/TaskListRouterInput.swift; sourceTree = "<group>"; };
		A166166EBDC62AC8E52412D6 /* Pods-iCanTests.release.xcconfig */ = {isa = PBXFileReference; includeInIndex = 1; lastKnownFileType = text.xcconfig; name = "Pods-iCanTests.release.xcconfig"; path = "Pods/Target Support Files/Pods-iCanTests/Pods-iCanTests.release.xcconfig"; sourceTree = "<group>"; };
		B40E7FC9794134BB35ADD5EC /* TaskListConfiguratorTests.swift */ = {isa = PBXFileReference; includeInIndex = 1; lastKnownFileType = sourcecode.swift; name = TaskListConfiguratorTests.swift; path = Classes/Modules/TaskList/Configurator/TaskListConfiguratorTests.swift; sourceTree = "<group>"; };
		B49AAD8D04E8629AB788E20C /* Pods-iCan.debug.xcconfig */ = {isa = PBXFileReference; includeInIndex = 1; lastKnownFileType = text.xcconfig; name = "Pods-iCan.debug.xcconfig"; path = "Pods/Target Support Files/Pods-iCan/Pods-iCan.debug.xcconfig"; sourceTree = "<group>"; };
		D5A07C7198AC07F8D5C77E97 /* TaskListInteractor.swift */ = {isa = PBXFileReference; includeInIndex = 1; lastKnownFileType = sourcecode.swift; name = TaskListInteractor.swift; path = Classes/Modules/TaskList/Interactor/TaskListInteractor.swift; sourceTree = "<group>"; };
		D5C86C9CCA96E89ED62A5758 /* TaskListRouterTests.swift */ = {isa = PBXFileReference; includeInIndex = 1; lastKnownFileType = sourcecode.swift; name = TaskListRouterTests.swift; path = Classes/Modules/TaskList/Router/TaskListRouterTests.swift; sourceTree = "<group>"; };
		D772C21590451BDA22FA9191 /* TaskListViewController.swift */ = {isa = PBXFileReference; includeInIndex = 1; lastKnownFileType = sourcecode.swift; name = TaskListViewController.swift; path = Classes/Modules/TaskList/View/TaskListViewController.swift; sourceTree = "<group>"; };
		D90F5445372F4EBB24FDAD59 /* Pods_iCanTests.framework */ = {isa = PBXFileReference; explicitFileType = wrapper.framework; includeInIndex = 0; path = Pods_iCanTests.framework; sourceTree = BUILT_PRODUCTS_DIR; };
		EAF63FFFDBC1F7967EF692B9 /* TaskListRouter.swift */ = {isa = PBXFileReference; includeInIndex = 1; lastKnownFileType = sourcecode.swift; name = TaskListRouter.swift; path = Classes/Modules/TaskList/Router/TaskListRouter.swift; sourceTree = "<group>"; };
		F122CF3F6FAC68C45D9A8FF5 /* TaskListInteractorTests.swift */ = {isa = PBXFileReference; includeInIndex = 1; lastKnownFileType = sourcecode.swift; name = TaskListInteractorTests.swift; path = Classes/Modules/TaskList/Interactor/TaskListInteractorTests.swift; sourceTree = "<group>"; };
		F4D8479BF8F3433408C65CEF /* TaskListPresenterTests.swift */ = {isa = PBXFileReference; includeInIndex = 1; lastKnownFileType = sourcecode.swift; name = TaskListPresenterTests.swift; path = Classes/Modules/TaskList/Presenter/TaskListPresenterTests.swift; sourceTree = "<group>"; };
		FA62F566450C8D180472650B /* Pods_iCan.framework */ = {isa = PBXFileReference; explicitFileType = wrapper.framework; includeInIndex = 0; path = Pods_iCan.framework; sourceTree = BUILT_PRODUCTS_DIR; };
/* End PBXFileReference section */

/* Begin PBXFrameworksBuildPhase section */
		64F0209D1C77B381001EAA6F /* Frameworks */ = {
			isa = PBXFrameworksBuildPhase;
			buildActionMask = 2147483647;
			files = (
				DA7AB7ACF559185C008654E8 /* Pods_iCan.framework in Frameworks */,
			);
			runOnlyForDeploymentPostprocessing = 0;
		};
		64F020B41C77B382001EAA6F /* Frameworks */ = {
			isa = PBXFrameworksBuildPhase;
			buildActionMask = 2147483647;
			files = (
				070912609F03368D52ACDAB7 /* Pods_iCanTests.framework in Frameworks */,
			);
			runOnlyForDeploymentPostprocessing = 0;
		};
/* End PBXFrameworksBuildPhase section */

/* Begin PBXGroup section */
		0F36133C3F291E942DA7ECBD /* Frameworks */ = {
			isa = PBXGroup;
			children = (
				FA62F566450C8D180472650B /* Pods_iCan.framework */,
				D90F5445372F4EBB24FDAD59 /* Pods_iCanTests.framework */,
			);
			name = Frameworks;
			sourceTree = "<group>";
		};
		157DA854DCC667D15CB996D2 /* Presenter */ = {
			isa = PBXGroup;
			children = (
				13C2599DA32617AF16BF267D /* TaskListModuleInput.swift */,
				0DBF6277119BF9278EC846D7 /* TaskListPresenter.swift */,
			);
			name = Presenter;
			sourceTree = "<group>";
		};
		33A58E5B23DDBED883D91609 /* Modules */ = {
			isa = PBXGroup;
			children = (
				55057424D3AAD85232E08AF7 /* TaskList */,
			);
			name = Modules;
			sourceTree = "<group>";
		};
		38022FB15079828CEF5AC8FC /* Pods */ = {
			isa = PBXGroup;
			children = (
				B49AAD8D04E8629AB788E20C /* Pods-iCan.debug.xcconfig */,
				943B271F4B6FE9B6B01E6FA3 /* Pods-iCan.release.xcconfig */,
				20D2A756B57952A7F41F2D8B /* Pods-iCanTests.debug.xcconfig */,
				A166166EBDC62AC8E52412D6 /* Pods-iCanTests.release.xcconfig */,
			);
			name = Pods;
			sourceTree = "<group>";
		};
		4386D8371959E5A786CD14F3 /* View */ = {
			isa = PBXGroup;
			children = (
				6521FC307CDA09095D6740AB /* TaskListViewTests.swift */,
			);
			name = View;
			sourceTree = "<group>";
		};
		488C3245481CA6AA0D803F70 /* Presenter */ = {
			isa = PBXGroup;
			children = (
				F4D8479BF8F3433408C65CEF /* TaskListPresenterTests.swift */,
			);
			name = Presenter;
			sourceTree = "<group>";
		};
		55057424D3AAD85232E08AF7 /* TaskList */ = {
			isa = PBXGroup;
			children = (
				FC0211C4DA8667B86E4E2343 /* View */,
				157DA854DCC667D15CB996D2 /* Presenter */,
				C7DC667CB5E6D956D88256EA /* Interactor */,
				5FBB356A6AEF5F51F97C4C1D /* Router */,
				6956611618C90FBFD8808E26 /* Configurator */,
			);
			name = TaskList;
			sourceTree = "<group>";
		};
		5F46EC8BAD011BD3A33DA47C /* Interactor */ = {
			isa = PBXGroup;
			children = (
				F122CF3F6FAC68C45D9A8FF5 /* TaskListInteractorTests.swift */,
			);
			name = Interactor;
			sourceTree = "<group>";
		};
		5FBB356A6AEF5F51F97C4C1D /* Router */ = {
			isa = PBXGroup;
			children = (
				9FEE55A7E04973F6631E3331 /* TaskListRouterInput.swift */,
				EAF63FFFDBC1F7967EF692B9 /* TaskListRouter.swift */,
			);
			name = Router;
			sourceTree = "<group>";
		};
		64F020971C77B381001EAA6F = {
			isa = PBXGroup;
			children = (
				64F020A21C77B381001EAA6F /* iCan */,
				64F020BA1C77B382001EAA6F /* iCanTests */,
				64F020A11C77B381001EAA6F /* Products */,
				38022FB15079828CEF5AC8FC /* Pods */,
				0F36133C3F291E942DA7ECBD /* Frameworks */,
			);
			sourceTree = "<group>";
		};
		64F020A11C77B381001EAA6F /* Products */ = {
			isa = PBXGroup;
			children = (
				64F020A01C77B381001EAA6F /* iCan.app */,
				64F020B71C77B382001EAA6F /* iCanTests.xctest */,
			);
			name = Products;
			sourceTree = "<group>";
		};
		64F020A21C77B381001EAA6F /* iCan */ = {
			isa = PBXGroup;
			children = (
				64F020A31C77B381001EAA6F /* AppDelegate.swift */,
				64F020A51C77B381001EAA6F /* ViewController.swift */,
				64F020A71C77B381001EAA6F /* Main.storyboard */,
				64F020AD1C77B381001EAA6F /* Assets.xcassets */,
				64F020AF1C77B381001EAA6F /* LaunchScreen.storyboard */,
				64F020B21C77B381001EAA6F /* Info.plist */,
				64F020AA1C77B381001EAA6F /* iCan.xcdatamodeld */,
				7D049B41380A7E8385981175 /* Classes */,
			);
			path = iCan;
			sourceTree = "<group>";
		};
		64F020BA1C77B382001EAA6F /* iCanTests */ = {
			isa = PBXGroup;
			children = (
				64F020BB1C77B382001EAA6F /* iCanTests.swift */,
				64F020BD1C77B382001EAA6F /* Info.plist */,
				69EAB23E5E677F31AFD5B87C /* Classes */,
			);
			path = iCanTests;
			sourceTree = "<group>";
		};
		6956611618C90FBFD8808E26 /* Configurator */ = {
			isa = PBXGroup;
			children = (
				3B045A78E60C1B6AAC01072F /* TaskListConfigurator.swift */,
				2643D68ABDD79A54531D8E51 /* TaskListInitializer.swift */,
			);
			name = Configurator;
			sourceTree = "<group>";
		};
		69EAB23E5E677F31AFD5B87C /* Classes */ = {
			isa = PBXGroup;
			children = (
				E2626F9E82D23FAEF4C2BBD7 /* Modules */,
			);
			name = Classes;
			sourceTree = "<group>";
		};
		7D049B41380A7E8385981175 /* Classes */ = {
			isa = PBXGroup;
			children = (
				33A58E5B23DDBED883D91609 /* Modules */,
			);
			name = Classes;
			sourceTree = "<group>";
		};
		9BC8EA79F469F10BF3053F0D /* TaskList */ = {
			isa = PBXGroup;
			children = (
				ACBB54F848D9C37AA031766C /* Configurator */,
				4386D8371959E5A786CD14F3 /* View */,
				5F46EC8BAD011BD3A33DA47C /* Interactor */,
				488C3245481CA6AA0D803F70 /* Presenter */,
				B390F353EED2AF47F2F3898E /* Router */,
			);
			name = TaskList;
			sourceTree = "<group>";
		};
		ACBB54F848D9C37AA031766C /* Configurator */ = {
			isa = PBXGroup;
			children = (
				B40E7FC9794134BB35ADD5EC /* TaskListConfiguratorTests.swift */,
			);
			name = Configurator;
			sourceTree = "<group>";
		};
		B390F353EED2AF47F2F3898E /* Router */ = {
			isa = PBXGroup;
			children = (
				D5C86C9CCA96E89ED62A5758 /* TaskListRouterTests.swift */,
			);
			name = Router;
			sourceTree = "<group>";
		};
		C7DC667CB5E6D956D88256EA /* Interactor */ = {
			isa = PBXGroup;
			children = (
				11152575D9EFC041FE51B942 /* TaskListInteractorInput.swift */,
				784E90952AB4C27954B05FD9 /* TaskListInteractorOutput.swift */,
				D5A07C7198AC07F8D5C77E97 /* TaskListInteractor.swift */,
			);
			name = Interactor;
			sourceTree = "<group>";
		};
		E2626F9E82D23FAEF4C2BBD7 /* Modules */ = {
			isa = PBXGroup;
			children = (
				9BC8EA79F469F10BF3053F0D /* TaskList */,
			);
			name = Modules;
			sourceTree = "<group>";
		};
		FC0211C4DA8667B86E4E2343 /* View */ = {
			isa = PBXGroup;
			children = (
				7B7907BDE8D42DEFF0946717 /* TaskListViewInput.swift */,
				9BED82933E229640A69EDC55 /* TaskListViewOutput.swift */,
				D772C21590451BDA22FA9191 /* TaskListViewController.swift */,
			);
			name = View;
			sourceTree = "<group>";
		};
/* End PBXGroup section */

/* Begin PBXNativeTarget section */
		64F0209F1C77B381001EAA6F /* iCan */ = {
			isa = PBXNativeTarget;
			buildConfigurationList = 64F020CB1C77B382001EAA6F /* Build configuration list for PBXNativeTarget "iCan" */;
			buildPhases = (
				7CEF96F8861BEB525D5FD6EA /* Check Pods Manifest.lock */,
				64F0209C1C77B381001EAA6F /* Sources */,
				64F0209D1C77B381001EAA6F /* Frameworks */,
				64F0209E1C77B381001EAA6F /* Resources */,
				9C0DBF5EAD61CB7607922ECC /* Embed Pods Frameworks */,
				07B9F3FFF6D5462BFBCA0388 /* Copy Pods Resources */,
			);
			buildRules = (
			);
			dependencies = (
			);
			name = iCan;
			productName = iCan;
			productReference = 64F020A01C77B381001EAA6F /* iCan.app */;
			productType = "com.apple.product-type.application";
		};
		64F020B61C77B382001EAA6F /* iCanTests */ = {
			isa = PBXNativeTarget;
			buildConfigurationList = 64F020CE1C77B382001EAA6F /* Build configuration list for PBXNativeTarget "iCanTests" */;
			buildPhases = (
				831E8DEE9AB0109A3B54C31F /* Check Pods Manifest.lock */,
				64F020B31C77B382001EAA6F /* Sources */,
				64F020B41C77B382001EAA6F /* Frameworks */,
				64F020B51C77B382001EAA6F /* Resources */,
				BBCAABF5E5483C401440C43B /* Embed Pods Frameworks */,
				8351053F2053349425D418F6 /* Copy Pods Resources */,
			);
			buildRules = (
			);
			dependencies = (
				64F020B91C77B382001EAA6F /* PBXTargetDependency */,
			);
			name = iCanTests;
			productName = iCanTests;
			productReference = 64F020B71C77B382001EAA6F /* iCanTests.xctest */;
			productType = "com.apple.product-type.bundle.unit-test";
		};
/* End PBXNativeTarget section */

/* Begin PBXProject section */
		64F020981C77B381001EAA6F /* Project object */ = {
			isa = PBXProject;
			attributes = {
				LastSwiftUpdateCheck = 0720;
				LastUpgradeCheck = 0720;
				ORGANIZATIONNAME = complexityclass;
				TargetAttributes = {
					64F0209F1C77B381001EAA6F = {
						CreatedOnToolsVersion = 7.2.1;
					};
					64F020B61C77B382001EAA6F = {
						CreatedOnToolsVersion = 7.2.1;
						TestTargetID = 64F0209F1C77B381001EAA6F;
					};
				};
			};
			buildConfigurationList = 64F0209B1C77B381001EAA6F /* Build configuration list for PBXProject "iCan" */;
			compatibilityVersion = "Xcode 3.2";
			developmentRegion = English;
			hasScannedForEncodings = 0;
			knownRegions = (
				en,
				Base,
			);
			mainGroup = 64F020971C77B381001EAA6F;
			productRefGroup = 64F020A11C77B381001EAA6F /* Products */;
			projectDirPath = "";
			projectRoot = "";
			targets = (
				64F0209F1C77B381001EAA6F /* iCan */,
				64F020B61C77B382001EAA6F /* iCanTests */,
			);
		};
/* End PBXProject section */

/* Begin PBXResourcesBuildPhase section */
		64F0209E1C77B381001EAA6F /* Resources */ = {
			isa = PBXResourcesBuildPhase;
			buildActionMask = 2147483647;
			files = (
				64F020B11C77B381001EAA6F /* LaunchScreen.storyboard in Resources */,
				64F020AE1C77B381001EAA6F /* Assets.xcassets in Resources */,
				64F020A91C77B381001EAA6F /* Main.storyboard in Resources */,
			);
			runOnlyForDeploymentPostprocessing = 0;
		};
		64F020B51C77B382001EAA6F /* Resources */ = {
			isa = PBXResourcesBuildPhase;
			buildActionMask = 2147483647;
			files = (
			);
			runOnlyForDeploymentPostprocessing = 0;
		};
/* End PBXResourcesBuildPhase section */

/* Begin PBXShellScriptBuildPhase section */
		07B9F3FFF6D5462BFBCA0388 /* Copy Pods Resources */ = {
			isa = PBXShellScriptBuildPhase;
			buildActionMask = 2147483647;
			files = (
			);
			inputPaths = (
			);
			name = "Copy Pods Resources";
			outputPaths = (
			);
			runOnlyForDeploymentPostprocessing = 0;
			shellPath = /bin/sh;
			shellScript = "\"${SRCROOT}/Pods/Target Support Files/Pods-iCan/Pods-iCan-resources.sh\"\n";
			showEnvVarsInLog = 0;
		};
		7CEF96F8861BEB525D5FD6EA /* Check Pods Manifest.lock */ = {
			isa = PBXShellScriptBuildPhase;
			buildActionMask = 2147483647;
			files = (
			);
			inputPaths = (
			);
			name = "Check Pods Manifest.lock";
			outputPaths = (
			);
			runOnlyForDeploymentPostprocessing = 0;
			shellPath = /bin/sh;
			shellScript = "diff \"${PODS_ROOT}/../Podfile.lock\" \"${PODS_ROOT}/Manifest.lock\" > /dev/null\nif [[ $? != 0 ]] ; then\n    cat << EOM\nerror: The sandbox is not in sync with the Podfile.lock. Run 'pod install' or update your CocoaPods installation.\nEOM\n    exit 1\nfi\n";
			showEnvVarsInLog = 0;
		};
		831E8DEE9AB0109A3B54C31F /* Check Pods Manifest.lock */ = {
			isa = PBXShellScriptBuildPhase;
			buildActionMask = 2147483647;
			files = (
			);
			inputPaths = (
			);
			name = "Check Pods Manifest.lock";
			outputPaths = (
			);
			runOnlyForDeploymentPostprocessing = 0;
			shellPath = /bin/sh;
			shellScript = "diff \"${PODS_ROOT}/../Podfile.lock\" \"${PODS_ROOT}/Manifest.lock\" > /dev/null\nif [[ $? != 0 ]] ; then\n    cat << EOM\nerror: The sandbox is not in sync with the Podfile.lock. Run 'pod install' or update your CocoaPods installation.\nEOM\n    exit 1\nfi\n";
			showEnvVarsInLog = 0;
		};
		8351053F2053349425D418F6 /* Copy Pods Resources */ = {
			isa = PBXShellScriptBuildPhase;
			buildActionMask = 2147483647;
			files = (
			);
			inputPaths = (
			);
			name = "Copy Pods Resources";
			outputPaths = (
			);
			runOnlyForDeploymentPostprocessing = 0;
			shellPath = /bin/sh;
			shellScript = "\"${SRCROOT}/Pods/Target Support Files/Pods-iCanTests/Pods-iCanTests-resources.sh\"\n";
			showEnvVarsInLog = 0;
		};
		9C0DBF5EAD61CB7607922ECC /* Embed Pods Frameworks */ = {
			isa = PBXShellScriptBuildPhase;
			buildActionMask = 2147483647;
			files = (
			);
			inputPaths = (
			);
			name = "Embed Pods Frameworks";
			outputPaths = (
			);
			runOnlyForDeploymentPostprocessing = 0;
			shellPath = /bin/sh;
			shellScript = "\"${SRCROOT}/Pods/Target Support Files/Pods-iCan/Pods-iCan-frameworks.sh\"\n";
			showEnvVarsInLog = 0;
		};
		BBCAABF5E5483C401440C43B /* Embed Pods Frameworks */ = {
			isa = PBXShellScriptBuildPhase;
			buildActionMask = 2147483647;
			files = (
			);
			inputPaths = (
			);
			name = "Embed Pods Frameworks";
			outputPaths = (
			);
			runOnlyForDeploymentPostprocessing = 0;
			shellPath = /bin/sh;
			shellScript = "\"${SRCROOT}/Pods/Target Support Files/Pods-iCanTests/Pods-iCanTests-frameworks.sh\"\n";
			showEnvVarsInLog = 0;
		};
/* End PBXShellScriptBuildPhase section */

/* Begin PBXSourcesBuildPhase section */
		64F0209C1C77B381001EAA6F /* Sources */ = {
			isa = PBXSourcesBuildPhase;
			buildActionMask = 2147483647;
			files = (
				64EF4B7A1C79DF7A00208330 /* TaskListRouterInput.swift in Sources */,
				64EF4B7E1C79DF8500208330 /* TaskListConfigurator.swift in Sources */,
				64EF4B761C79DF6F00208330 /* TaskListInteractorOutput.swift in Sources */,
				64EF4B781C79DF7300208330 /* TaskListInteractor.swift in Sources */,
				64EF4B801C79DF8A00208330 /* TaskListInitializer.swift in Sources */,
				64EF4B6A1C79DF4C00208330 /* TaskListViewInput.swift in Sources */,
				64EF4B721C79DF6200208330 /* TaskListPresenter.swift in Sources */,
				64EF4B7C1C79DF7E00208330 /* TaskListRouter.swift in Sources */,
				64F020A61C77B381001EAA6F /* ViewController.swift in Sources */,
				64EF4B741C79DF6A00208330 /* TaskListInteractorInput.swift in Sources */,
				64F020A41C77B381001EAA6F /* AppDelegate.swift in Sources */,
				64F020AC1C77B381001EAA6F /* iCan.xcdatamodeld in Sources */,
				64EF4B701C79DF5D00208330 /* TaskListModuleInput.swift in Sources */,
				64EF4B6C1C79DF5100208330 /* TaskListViewOutput.swift in Sources */,
				64EF4B6E1C79DF5700208330 /* TaskListViewController.swift in Sources */,
			);
			runOnlyForDeploymentPostprocessing = 0;
		};
		64F020B31C77B382001EAA6F /* Sources */ = {
			isa = PBXSourcesBuildPhase;
			buildActionMask = 2147483647;
			files = (
				64EF4B751C79DF6A00208330 /* TaskListInteractorInput.swift in Sources */,
				64EF4B861C79DFB100208330 /* TaskListPresenterTests.swift in Sources */,
				64EF4B6B1C79DF4D00208330 /* TaskListViewInput.swift in Sources */,
				64EF4B711C79DF5E00208330 /* TaskListModuleInput.swift in Sources */,
				64EF4B811C79DF8A00208330 /* TaskListInitializer.swift in Sources */,
				64EF4B7F1C79DF8500208330 /* TaskListConfigurator.swift in Sources */,
				64EF4B851C79DFAC00208330 /* TaskListInteractorTests.swift in Sources */,
				64EF4B7D1C79DF7F00208330 /* TaskListRouter.swift in Sources */,
				64EF4B791C79DF7400208330 /* TaskListInteractor.swift in Sources */,
				64EF4B6F1C79DF5800208330 /* TaskListViewController.swift in Sources */,
				64EF4B771C79DF6F00208330 /* TaskListInteractorOutput.swift in Sources */,
				64EF4B841C79DFA100208330 /* TaskListViewTests.swift in Sources */,
				64EF4B7B1C79DF7A00208330 /* TaskListRouterInput.swift in Sources */,
				64EF4B6D1C79DF5200208330 /* TaskListViewOutput.swift in Sources */,
				64F020BC1C77B382001EAA6F /* iCanTests.swift in Sources */,
				64EF4B871C79DFB800208330 /* TaskListRouterTests.swift in Sources */,
				64EF4B731C79DF6200208330 /* TaskListPresenter.swift in Sources */,
				64EF4B831C79DF9C00208330 /* TaskListConfiguratorTests.swift in Sources */,
			);
			runOnlyForDeploymentPostprocessing = 0;
		};
/* End PBXSourcesBuildPhase section */

/* Begin PBXTargetDependency section */
		64F020B91C77B382001EAA6F /* PBXTargetDependency */ = {
			isa = PBXTargetDependency;
			target = 64F0209F1C77B381001EAA6F /* iCan */;
			targetProxy = 64F020B81C77B382001EAA6F /* PBXContainerItemProxy */;
		};
/* End PBXTargetDependency section */

/* Begin PBXVariantGroup section */
		64F020A71C77B381001EAA6F /* Main.storyboard */ = {
			isa = PBXVariantGroup;
			children = (
				64F020A81C77B381001EAA6F /* Base */,
			);
			name = Main.storyboard;
			sourceTree = "<group>";
		};
		64F020AF1C77B381001EAA6F /* LaunchScreen.storyboard */ = {
			isa = PBXVariantGroup;
			children = (
				64F020B01C77B381001EAA6F /* Base */,
			);
			name = LaunchScreen.storyboard;
			sourceTree = "<group>";
		};
/* End PBXVariantGroup section */

/* Begin XCBuildConfiguration section */
		64F020C91C77B382001EAA6F /* Debug */ = {
			isa = XCBuildConfiguration;
			buildSettings = {
				ALWAYS_SEARCH_USER_PATHS = NO;
				CLANG_CXX_LANGUAGE_STANDARD = "gnu++0x";
				CLANG_CXX_LIBRARY = "libc++";
				CLANG_ENABLE_MODULES = YES;
				CLANG_ENABLE_OBJC_ARC = YES;
				CLANG_WARN_BOOL_CONVERSION = YES;
				CLANG_WARN_CONSTANT_CONVERSION = YES;
				CLANG_WARN_DIRECT_OBJC_ISA_USAGE = YES_ERROR;
				CLANG_WARN_EMPTY_BODY = YES;
				CLANG_WARN_ENUM_CONVERSION = YES;
				CLANG_WARN_INT_CONVERSION = YES;
				CLANG_WARN_OBJC_ROOT_CLASS = YES_ERROR;
				CLANG_WARN_UNREACHABLE_CODE = YES;
				CLANG_WARN__DUPLICATE_METHOD_MATCH = YES;
				"CODE_SIGN_IDENTITY[sdk=iphoneos*]" = "iPhone Developer";
				COPY_PHASE_STRIP = NO;
				DEBUG_INFORMATION_FORMAT = dwarf;
				ENABLE_STRICT_OBJC_MSGSEND = YES;
				ENABLE_TESTABILITY = YES;
				GCC_C_LANGUAGE_STANDARD = gnu99;
				GCC_DYNAMIC_NO_PIC = NO;
				GCC_NO_COMMON_BLOCKS = YES;
				GCC_OPTIMIZATION_LEVEL = 0;
				GCC_PREPROCESSOR_DEFINITIONS = (
					"DEBUG=1",
					"$(inherited)",
				);
				GCC_WARN_64_TO_32_BIT_CONVERSION = YES;
				GCC_WARN_ABOUT_RETURN_TYPE = YES_ERROR;
				GCC_WARN_UNDECLARED_SELECTOR = YES;
				GCC_WARN_UNINITIALIZED_AUTOS = YES_AGGRESSIVE;
				GCC_WARN_UNUSED_FUNCTION = YES;
				GCC_WARN_UNUSED_VARIABLE = YES;
				IPHONEOS_DEPLOYMENT_TARGET = 9.2;
				MTL_ENABLE_DEBUG_INFO = YES;
				ONLY_ACTIVE_ARCH = YES;
				SDKROOT = iphoneos;
				SWIFT_OPTIMIZATION_LEVEL = "-Onone";
				TARGETED_DEVICE_FAMILY = "1,2";
			};
			name = Debug;
		};
		64F020CA1C77B382001EAA6F /* Release */ = {
			isa = XCBuildConfiguration;
			buildSettings = {
				ALWAYS_SEARCH_USER_PATHS = NO;
				CLANG_CXX_LANGUAGE_STANDARD = "gnu++0x";
				CLANG_CXX_LIBRARY = "libc++";
				CLANG_ENABLE_MODULES = YES;
				CLANG_ENABLE_OBJC_ARC = YES;
				CLANG_WARN_BOOL_CONVERSION = YES;
				CLANG_WARN_CONSTANT_CONVERSION = YES;
				CLANG_WARN_DIRECT_OBJC_ISA_USAGE = YES_ERROR;
				CLANG_WARN_EMPTY_BODY = YES;
				CLANG_WARN_ENUM_CONVERSION = YES;
				CLANG_WARN_INT_CONVERSION = YES;
				CLANG_WARN_OBJC_ROOT_CLASS = YES_ERROR;
				CLANG_WARN_UNREACHABLE_CODE = YES;
				CLANG_WARN__DUPLICATE_METHOD_MATCH = YES;
				"CODE_SIGN_IDENTITY[sdk=iphoneos*]" = "iPhone Developer";
				COPY_PHASE_STRIP = NO;
				DEBUG_INFORMATION_FORMAT = "dwarf-with-dsym";
				ENABLE_NS_ASSERTIONS = NO;
				ENABLE_STRICT_OBJC_MSGSEND = YES;
				GCC_C_LANGUAGE_STANDARD = gnu99;
				GCC_NO_COMMON_BLOCKS = YES;
				GCC_WARN_64_TO_32_BIT_CONVERSION = YES;
				GCC_WARN_ABOUT_RETURN_TYPE = YES_ERROR;
				GCC_WARN_UNDECLARED_SELECTOR = YES;
				GCC_WARN_UNINITIALIZED_AUTOS = YES_AGGRESSIVE;
				GCC_WARN_UNUSED_FUNCTION = YES;
				GCC_WARN_UNUSED_VARIABLE = YES;
				IPHONEOS_DEPLOYMENT_TARGET = 9.2;
				MTL_ENABLE_DEBUG_INFO = NO;
				SDKROOT = iphoneos;
				TARGETED_DEVICE_FAMILY = "1,2";
				VALIDATE_PRODUCT = YES;
			};
			name = Release;
		};
		64F020CC1C77B382001EAA6F /* Debug */ = {
			isa = XCBuildConfiguration;
			baseConfigurationReference = B49AAD8D04E8629AB788E20C /* Pods-iCan.debug.xcconfig */;
			buildSettings = {
				ASSETCATALOG_COMPILER_APPICON_NAME = AppIcon;
				CODE_SIGN_IDENTITY = "iPhone Developer";
				INFOPLIST_FILE = iCan/Info.plist;
				LD_RUNPATH_SEARCH_PATHS = "$(inherited) @executable_path/Frameworks";
				PRODUCT_BUNDLE_IDENTIFIER = complexityclass.iCan;
				PRODUCT_NAME = "$(TARGET_NAME)";
			};
			name = Debug;
		};
		64F020CD1C77B382001EAA6F /* Release */ = {
			isa = XCBuildConfiguration;
			baseConfigurationReference = 943B271F4B6FE9B6B01E6FA3 /* Pods-iCan.release.xcconfig */;
			buildSettings = {
				ASSETCATALOG_COMPILER_APPICON_NAME = AppIcon;
				CODE_SIGN_IDENTITY = "iPhone Developer";
				INFOPLIST_FILE = iCan/Info.plist;
				LD_RUNPATH_SEARCH_PATHS = "$(inherited) @executable_path/Frameworks";
				PRODUCT_BUNDLE_IDENTIFIER = complexityclass.iCan;
				PRODUCT_NAME = "$(TARGET_NAME)";
			};
			name = Release;
		};
		64F020CF1C77B382001EAA6F /* Debug */ = {
			isa = XCBuildConfiguration;
			baseConfigurationReference = 20D2A756B57952A7F41F2D8B /* Pods-iCanTests.debug.xcconfig */;
			buildSettings = {
				BUNDLE_LOADER = "$(TEST_HOST)";
				INFOPLIST_FILE = iCanTests/Info.plist;
				LD_RUNPATH_SEARCH_PATHS = "$(inherited) @executable_path/Frameworks @loader_path/Frameworks";
				PRODUCT_BUNDLE_IDENTIFIER = complexityclass.iCanTests;
				PRODUCT_NAME = "$(TARGET_NAME)";
				TEST_HOST = "$(BUILT_PRODUCTS_DIR)/iCan.app/iCan";
			};
			name = Debug;
		};
		64F020D01C77B382001EAA6F /* Release */ = {
			isa = XCBuildConfiguration;
			baseConfigurationReference = A166166EBDC62AC8E52412D6 /* Pods-iCanTests.release.xcconfig */;
			buildSettings = {
				BUNDLE_LOADER = "$(TEST_HOST)";
				INFOPLIST_FILE = iCanTests/Info.plist;
				LD_RUNPATH_SEARCH_PATHS = "$(inherited) @executable_path/Frameworks @loader_path/Frameworks";
				PRODUCT_BUNDLE_IDENTIFIER = complexityclass.iCanTests;
				PRODUCT_NAME = "$(TARGET_NAME)";
				TEST_HOST = "$(BUILT_PRODUCTS_DIR)/iCan.app/iCan";
			};
			name = Release;
		};
/* End XCBuildConfiguration section */

/* Begin XCConfigurationList section */
		64F0209B1C77B381001EAA6F /* Build configuration list for PBXProject "iCan" */ = {
			isa = XCConfigurationList;
			buildConfigurations = (
				64F020C91C77B382001EAA6F /* Debug */,
				64F020CA1C77B382001EAA6F /* Release */,
			);
			defaultConfigurationIsVisible = 0;
			defaultConfigurationName = Release;
		};
		64F020CB1C77B382001EAA6F /* Build configuration list for PBXNativeTarget "iCan" */ = {
			isa = XCConfigurationList;
			buildConfigurations = (
				64F020CC1C77B382001EAA6F /* Debug */,
				64F020CD1C77B382001EAA6F /* Release */,
			);
			defaultConfigurationIsVisible = 0;
			defaultConfigurationName = Release;
		};
		64F020CE1C77B382001EAA6F /* Build configuration list for PBXNativeTarget "iCanTests" */ = {
			isa = XCConfigurationList;
			buildConfigurations = (
				64F020CF1C77B382001EAA6F /* Debug */,
				64F020D01C77B382001EAA6F /* Release */,
			);
			defaultConfigurationIsVisible = 0;
			defaultConfigurationName = Release;
		};
/* End XCConfigurationList section */

/* Begin XCVersionGroup section */
		64F020AA1C77B381001EAA6F /* iCan.xcdatamodeld */ = {
			isa = XCVersionGroup;
			children = (
				64F020AB1C77B381001EAA6F /* iCan.xcdatamodel */,
			);
			currentVersion = 64F020AB1C77B381001EAA6F /* iCan.xcdatamodel */;
			path = iCan.xcdatamodeld;
			sourceTree = "<group>";
			versionGroupType = wrapper.xcdatamodel;
		};
/* End XCVersionGroup section */
	};
	rootObject = 64F020981C77B381001EAA6F /* Project object */;
}
